Microsoft Visual Studio Solution File, Format Version 12.00
# Visual Studio Version 17
VisualStudioVersion = 17.5.2.0
MinimumVisualStudioVersion = 10.0.40219.1
Project("{FAE04EC0-301F-11D3-BF4B-00C04F79EFBC}") = "04_07e", "04_07e.csproj", "{C71BCAA6-1F0C-AADD-AED4-C10D107C414B}"
EndProject
Global
	GlobalSection(SolutionConfigurationPlatforms) = preSolution
		Debug|Any CPU = Debug|Any CPU
		Release|Any CPU = Release|Any CPU
	EndGlobalSection
	GlobalSection(ProjectConfigurationPlatforms) = postSolution
		{C71BCAA6-1F0C-AADD-AED4-C10D107C414B}.Debug|Any CPU.ActiveCfg = Debug|Any CPU
		{C71BCAA6-1F0C-AADD-AED4-C10D107C414B}.Debug|Any CPU.Build.0 = Debug|Any CPU
		{C71BCAA6-1F0C-AADD-AED4-C10D107C414B}.Release|Any CPU.ActiveCfg = Release|Any CPU
		{C71BCAA6-1F0C-AADD-AED4-C10D107C414B}.Release|Any CPU.Build.0 = Release|Any CPU
	EndGlobalSection
	GlobalSection(SolutionProperties) = preSolution
		HideSolutionNode = FALSE
	EndGlobalSection
	GlobalSection(ExtensibilityGlobals) = postSolution
		SolutionGuid = {1B67EAEB-31D4-4BAB-A705-DC53923493A1}
	EndGlobalSection
EndGlobal
